{
  "version": 4,
  "terraform_version": "1.2.7",
  "serial": 55,
  "lineage": "aae26360-265a-7cf4-a476-07578b376d62",
  "outputs": {
    "vm_ip_address": {
      "value": [
        "10.67.50.52"
      ],
      "type": [
        "tuple",
        [
          "string"
        ]
      ]
    }
  },
  "resources": [
    {
      "mode": "data",
      "type": "template_file",
      "name": "user_data",
      "provider": "provider[\"registry.terraform.io/hashicorp/template\"]",
      "instances": [
        {
          "index_key": 0,
          "schema_version": 0,
          "attributes": {
            "filename": null,
            "id": "54b074232205db7683e3ffe11b0fc560cd5844fb3132527aea09b03e96859c7c",
            "rendered": "#cloud-config\n\nfqdn: prom2.cesbg.foxconn\nssh_authorized_keys:\n  - ssh-rsa AAAAB3NzaC1yc2EAAAADAQABAAABAQDHLfr76l7+34YD3yW9nbTKKV62qjKC4M78zxZz+4BJxH0Fa5cOx6pAy2x3NwNqd3kLAEybIMFF6AohB8F5RVuqaR3xq6XWxzW3tvkK3akCEY35cBpL7Zv2G+2sygnK4D167F1QojlKnWvi003S52yC5H9eRLVFv2jsVE7Flj0uWtlPhnnvEhhqQ2hrzixvH4dewPOY2pl8uylBb8H7GwcrtrEUQY77U9qhqws/7IzvR6JNszKq0IKkiJoZqIFevAwlI0K4d/czgrqUzK2bdrAsflBCe5RIEL+FQnuxyylHK6v/5l+TMHIhR72CMauUIU1Iiz2egC8UgchGA/VpGycV root@rancher\n\nruncmd: \n  - [yum,install,\"-y\",telnet]\n",
            "template": "#cloud-config\n\nfqdn: ${hostname}.${domain}\nssh_authorized_keys:\n  - ${pubkey}\nruncmd: \n  - [yum,install,\"-y\",telnet]\n",
            "vars": {
              "domain": "cesbg.foxconn",
              "hostname": "prom2",
              "pubkey": "ssh-rsa AAAAB3NzaC1yc2EAAAADAQABAAABAQDHLfr76l7+34YD3yW9nbTKKV62qjKC4M78zxZz+4BJxH0Fa5cOx6pAy2x3NwNqd3kLAEybIMFF6AohB8F5RVuqaR3xq6XWxzW3tvkK3akCEY35cBpL7Zv2G+2sygnK4D167F1QojlKnWvi003S52yC5H9eRLVFv2jsVE7Flj0uWtlPhnnvEhhqQ2hrzixvH4dewPOY2pl8uylBb8H7GwcrtrEUQY77U9qhqws/7IzvR6JNszKq0IKkiJoZqIFevAwlI0K4d/czgrqUzK2bdrAsflBCe5RIEL+FQnuxyylHK6v/5l+TMHIhR72CMauUIU1Iiz2egC8UgchGA/VpGycV root@rancher\n"
            }
          },
          "sensitive_attributes": []
        }
      ]
    },
    {
      "mode": "managed",
      "type": "local_file",
      "name": "cloud_init_user_data",
      "provider": "provider[\"registry.terraform.io/hashicorp/local\"]",
      "instances": [
        {
          "index_key": 0,
          "schema_version": 0,
          "attributes": {
            "content": "#cloud-config\n\nfqdn: prom2.cesbg.foxconn\nssh_authorized_keys:\n  - ssh-rsa AAAAB3NzaC1yc2EAAAADAQABAAABAQDHLfr76l7+34YD3yW9nbTKKV62qjKC4M78zxZz+4BJxH0Fa5cOx6pAy2x3NwNqd3kLAEybIMFF6AohB8F5RVuqaR3xq6XWxzW3tvkK3akCEY35cBpL7Zv2G+2sygnK4D167F1QojlKnWvi003S52yC5H9eRLVFv2jsVE7Flj0uWtlPhnnvEhhqQ2hrzixvH4dewPOY2pl8uylBb8H7GwcrtrEUQY77U9qhqws/7IzvR6JNszKq0IKkiJoZqIFevAwlI0K4d/czgrqUzK2bdrAsflBCe5RIEL+FQnuxyylHK6v/5l+TMHIhR72CMauUIU1Iiz2egC8UgchGA/VpGycV root@rancher\n\nruncmd: \n  - [yum,install,\"-y\",telnet]\n",
            "content_base64": null,
            "directory_permission": "0777",
            "file_permission": "0777",
            "filename": "./files/user_data_0.cfg",
            "id": "af2d1a08710d9d798c80e2972bea2dda28f0f090",
            "sensitive_content": null,
            "source": null
          },
          "sensitive_attributes": [],
          "private": "bnVsbA==",
          "dependencies": [
            "data.template_file.user_data"
          ]
        }
      ]
    },
    {
      "mode": "managed",
      "type": "local_file",
      "name": "inventory",
      "provider": "provider[\"registry.terraform.io/hashicorp/local\"]",
      "instances": [
        {
          "schema_version": 0,
          "attributes": {
            "content": "  [app]\n  10.67.50.52\n",
            "content_base64": null,
            "directory_permission": "0777",
            "file_permission": "0777",
            "filename": "files/hosts",
            "id": "176b3a5cf2d2b023d473936fc712f86c9235eafa",
            "sensitive_content": null,
            "source": null
          },
          "sensitive_attributes": [],
          "private": "bnVsbA==",
          "dependencies": [
            "data.template_file.user_data",
            "local_file.cloud_init_user_data",
            "null_resource.cloud_init_user_data_files",
            "proxmox_vm_qemu.prom"
          ]
        }
      ]
    },
    {
      "mode": "managed",
      "type": "null_resource",
      "name": "ansible-playbook",
      "provider": "provider[\"registry.terraform.io/hashicorp/null\"]",
      "instances": [
        {
          "schema_version": 0,
          "attributes": {
            "id": "7149350779731543608",
            "triggers": null
          },
          "sensitive_attributes": [],
          "private": "bnVsbA==",
          "dependencies": [
            "data.template_file.user_data",
            "local_file.cloud_init_user_data",
            "local_file.inventory",
            "null_resource.cloud_init_user_data_files",
            "proxmox_vm_qemu.prom"
          ]
        }
      ]
    },
    {
      "mode": "managed",
      "type": "null_resource",
      "name": "cloud_init_user_data_files",
      "provider": "provider[\"registry.terraform.io/hashicorp/null\"]",
      "instances": [
        {
          "index_key": 0,
          "schema_version": 0,
          "attributes": {
            "id": "5089666510355042949",
            "triggers": null
          },
          "sensitive_attributes": [],
          "private": "bnVsbA==",
          "dependencies": [
            "data.template_file.user_data",
            "local_file.cloud_init_user_data"
          ]
        }
      ]
    },
    {
      "mode": "managed",
      "type": "proxmox_vm_qemu",
      "name": "prom",
      "provider": "provider[\"registry.terraform.io/telmate/proxmox\"]",
      "instances": [
        {
          "index_key": 0,
          "schema_version": 0,
          "attributes": {
            "additional_wait": 0,
            "agent": 1,
            "args": "",
            "automatic_reboot": true,
            "balloon": 0,
            "bios": "seabios",
            "boot": "order=scsi0;ide2",
            "bootdisk": "",
            "bridge": "",
            "ci_wait": null,
            "cicustom": "user=local:snippets/promsrv_user_data-0.yml",
            "cipassword": "",
            "ciuser": "centos",
            "clone": "centos7.9-cloudinit",
            "clone_wait": 0,
            "cloudinit_cdrom_storage": null,
            "cores": 4,
            "cpu": "host",
            "default_ipv4_address": "10.67.50.52",
            "define_connection_info": true,
            "desc": "CentOS 7.9 Template created by packer",
            "disk": [
              {
                "aio": "",
                "backup": 0,
                "cache": "none",
                "discard": "",
                "file": "vm-114-disk-0",
                "format": "raw",
                "iops": 0,
                "iops_max": 0,
                "iops_max_length": 0,
                "iops_rd": 0,
                "iops_rd_max": 0,
                "iops_rd_max_length": 0,
                "iops_wr": 0,
                "iops_wr_max": 0,
                "iops_wr_max_length": 0,
                "iothread": 0,
                "mbps": 0,
                "mbps_rd": 0,
                "mbps_rd_max": 0,
                "mbps_wr": 0,
                "mbps_wr_max": 0,
                "media": "",
                "replicate": 0,
                "size": "60G",
                "slot": 0,
                "ssd": 0,
                "storage": "prod",
                "storage_type": "lvmthin",
                "type": "scsi",
                "volume": "prod:vm-114-disk-0"
              },
              {
                "aio": "",
                "backup": 0,
                "cache": "none",
                "discard": "",
                "file": "vm-114-disk-1",
                "format": "raw",
                "iops": 0,
                "iops_max": 0,
                "iops_max_length": 0,
                "iops_rd": 0,
                "iops_rd_max": 0,
                "iops_rd_max_length": 0,
                "iops_wr": 0,
                "iops_wr_max": 0,
                "iops_wr_max_length": 0,
                "iothread": 0,
                "mbps": 0,
                "mbps_rd": 0,
                "mbps_rd_max": 0,
                "mbps_wr": 0,
                "mbps_wr_max": 0,
                "media": "",
                "replicate": 0,
                "size": "100G",
                "slot": 1,
                "ssd": 0,
                "storage": "prod",
                "storage_type": "lvmthin",
                "type": "scsi",
                "volume": "prod:vm-114-disk-1"
              }
            ],
            "disk_gb": 0,
            "force_create": false,
            "force_recreate_on_change_of": null,
            "full_clone": false,
            "guest_agent_ready_timeout": 100,
            "hagroup": "",
            "hastate": "",
            "hotplug": "network,disk,usb",
            "id": "pve1/qemu/114",
            "ipconfig0": "ip=10.67.50.52/23,gw=10.67.50.1",
            "ipconfig1": "",
            "ipconfig2": "",
            "ipconfig3": "",
            "ipconfig4": "",
            "ipconfig5": "",
            "iso": null,
            "kvm": true,
            "mac": "",
            "memory": 16384,
            "name": "prom2",
            "nameserver": "",
            "network": [
              {
                "bridge": "vmbr0",
                "firewall": false,
                "link_down": false,
                "macaddr": "7E:D7:9D:73:97:02",
                "model": "virtio",
                "mtu": 0,
                "queues": 0,
                "rate": 0,
                "tag": -1
              }
            ],
            "nic": "",
            "numa": false,
            "onboot": false,
            "oncreate": true,
            "os_network_config": null,
            "os_type": null,
            "pool": "chensen",
            "preprovision": true,
            "pxe": null,
            "qemu_os": "l26",
            "reboot_required": false,
            "scsihw": "virtio-scsi-single",
            "searchdomain": "",
            "serial": [],
            "sockets": 2,
            "ssh_forward_ip": null,
            "ssh_host": "10.67.50.52",
            "ssh_port": "22",
            "ssh_private_key": null,
            "ssh_user": null,
            "sshkeys": "",
            "startup": "",
            "storage": "",
            "storage_type": "",
            "tablet": true,
            "tags": "",
            "target_node": "pve1",
            "timeouts": null,
            "unused_disk": [],
            "usb": [],
            "vcpus": 0,
            "vga": [],
            "vlan": -1,
            "vmid": null
          },
          "sensitive_attributes": [],
          "private": "eyJlMmJmYjczMC1lY2FhLTExZTYtOGY4OC0zNDM2M2JjN2M0YzAiOnsiY3JlYXRlIjozMDAwMDAwMDAwMDAsImRlZmF1bHQiOjMwMDAwMDAwMDAwMCwiZGVsZXRlIjoxODAwMDAwMDAwMDAsInJlYWQiOjE4MDAwMDAwMDAwMCwidXBkYXRlIjoxODAwMDAwMDAwMDB9fQ==",
          "dependencies": [
            "data.template_file.user_data",
            "local_file.cloud_init_user_data",
            "null_resource.cloud_init_user_data_files"
          ]
        }
      ]
    }
  ]
}
